# @generated by Move, please check-in and do not edit manually.

[move]
version = 3
manifest_digest = "CCC92264692C447762A3510BD715EEC0C529167B9E7EF0E1292E89943C407699"
deps_digest = "F8BBB0CCB2491CA29A3DF03D6F92277A4F3574266507ACD77214D37ECA3F3082"
dependencies = [
  { id = "Sui", name = "Sui" },
]

[[move.package]]
id = "MoveStdlib"
source = { git = "https://github.com/MystenLabs/sui.git", rev = "framework/testnet", subdir = "crates/sui-framework/packages/move-stdlib" }

[[move.package]]
id = "Sui"
source = { git = "https://github.com/MystenLabs/sui.git", rev = "framework/testnet", subdir = "crates/sui-framework/packages/sui-framework" }

dependencies = [
  { id = "MoveStdlib", name = "MoveStdlib" },
]

[move.toolchain-version]
compiler-version = "1.59.0"
edition = "2024.beta"
flavor = "sui"

[env]

[env.testnet]
chain-id = "4c78adac"
original-published-id = "0xbab930f22032026668a650f16bd23e594bc8c69c8e86c4b2ec495dc02f93bbcf"
latest-published-id = "0xbab930f22032026668a650f16bd23e594bc8c69c8e86c4b2ec495dc02f93bbcf"
published-version = "1"
